
Microsoft Visual Studio Solution File, Format Version 12.00
# Visual Studio 14
VisualStudioVersion = 14.0.25420.1
MinimumVisualStudioVersion = 10.0.40219.1
Project("{2150E333-8FDC-42A3-9474-1A3956D46DE8}") = "1-Common (通用层 通用实现,2.3.4.5.6.7都可以使用)", "1-Common (通用层 通用实现,2.3.4.5.6.7都可以使用)", "{3DCE8FE3-724E-4F12-8608-AE1EFD5E905C}"
EndProject
Project("{2150E333-8FDC-42A3-9474-1A3956D46DE8}") = "3- BLL (核心层 服务层,使用IDAL,DAL.Model,DtoModel,DtoModel.AutoMap)", "3- BLL (核心层 服务层,使用IDAL,DAL.Model,DtoModel,DtoModel.AutoMap)", "{5270A37E-3DED-42E8-A286-D26C88DBBE2E}"
EndProject
Project("{2150E333-8FDC-42A3-9474-1A3956D46DE8}") = "5- WebAPI (服务提供层,使用IBLL,DtoModel)", "5- WebAPI (服务提供层,使用IBLL,DtoModel)", "{93EB6F9E-690D-40C5-A8AF-77BFB58C7C3C}"
EndProject
Project("{2150E333-8FDC-42A3-9474-1A3956D46DE8}") = "6- Presentation (展现层)", "6- Presentation (展现层)", "{9EE0D20D-4D2E-4B02-9B71-5E0E4FE332DC}"
EndProject
Project("{2150E333-8FDC-42A3-9474-1A3956D46DE8}") = "7-Test(测试层)", "7-Test(测试层)", "{58B88DB3-6B8A-46EA-AFD6-CD92D06E4E2E}"
EndProject
Project("{2150E333-8FDC-42A3-9474-1A3956D46DE8}") = "2-DAL(核心层 数据访问层 使用 DAL.Model)", "2-DAL(核心层 数据访问层 使用 DAL.Model)", "{D7A344DD-A777-4FA7-8E2D-6F80CA2263C1}"
EndProject
Project("{FAE04EC0-301F-11D3-BF4B-00C04F79EFBC}") = "GanGao.DAL", "GanGao.DAL\GanGao.DAL.csproj", "{B5C96CC7-93A1-46CC-AB06-2B09FF77F620}"
EndProject
Project("{FAE04EC0-301F-11D3-BF4B-00C04F79EFBC}") = "GanGao.Common", "GanGao.Common\GanGao.Common.csproj", "{491622E4-09D6-497C-BEC6-54F0318F3E44}"
EndProject
Project("{FAE04EC0-301F-11D3-BF4B-00C04F79EFBC}") = "GanGao.IDAL", "GanGao.IDAL\GanGao.IDAL.csproj", "{C9C92057-3F16-4986-9EA2-4FE71902286B}"
EndProject
Project("{FAE04EC0-301F-11D3-BF4B-00C04F79EFBC}") = "GanGao.BLL", "GanGao.BLL\GanGao.BLL.csproj", "{2BB2084D-B4E6-4604-B6B6-3B8F8059F7DD}"
EndProject
Project("{FAE04EC0-301F-11D3-BF4B-00C04F79EFBC}") = "GanGao.IBLL", "GanGao.IBLL\GanGao.IBLL.csproj", "{6F881755-AE70-478D-9752-AACBBC3D30CD}"
EndProject
Project("{FAE04EC0-301F-11D3-BF4B-00C04F79EFBC}") = "GanGao.WebAPI", "GanGao.WebAPI\GanGao.WebAPI.csproj", "{A275228C-4DE9-46CF-A6C3-F33A8E58EF1D}"
EndProject
Project("{FAE04EC0-301F-11D3-BF4B-00C04F79EFBC}") = "GanGao.WebAPI.SelfHost", "GanGao.WebAPI.SelfHost\GanGao.WebAPI.SelfHost.csproj", "{01B0FA57-A7B7-4D72-8943-8F3C5EECB9CC}"
EndProject
Project("{FAE04EC0-301F-11D3-BF4B-00C04F79EFBC}") = "GanGao.Common.Data", "GanGao.Common.Data\GanGao.Common.Data.csproj", "{1EA1887B-3B25-4AA6-9E5B-A195B134184D}"
EndProject
Project("{FAE04EC0-301F-11D3-BF4B-00C04F79EFBC}") = "GanGao.Common.Model", "GanGao.Common.Model\GanGao.Common.Model.csproj", "{08566FA4-7287-4CE2-9E16-C43A98361498}"
EndProject
Project("{FAE04EC0-301F-11D3-BF4B-00C04F79EFBC}") = "GanGao.Common.DToModel", "GanGao.Common.DToModel\GanGao.Common.DToModel.csproj", "{4D438847-E365-4FB2-9AA8-E89BC33EB67D}"
EndProject
Project("{FAE04EC0-301F-11D3-BF4B-00C04F79EFBC}") = "GanGao.Common.DToMap", "GanGao.Common.DToMap\GanGao.Common.DToMap.csproj", "{646C8581-C62C-45DA-8722-0B807ECCA61C}"
EndProject
Project("{FAE04EC0-301F-11D3-BF4B-00C04F79EFBC}") = "GanGao.Common.IModels", "GanGao.Common.IModels\GanGao.Common.IModels.csproj", "{45AE0F02-066C-446F-BA92-6AC90468D6BF}"
EndProject
Project("{FAE04EC0-301F-11D3-BF4B-00C04F79EFBC}") = "GanGao.MEF", "GanGao.MEF\GanGao.MEF.csproj", "{22646A41-C44D-46F8-AD44-ECEAD42C4171}"
EndProject
Project("{FAE04EC0-301F-11D3-BF4B-00C04F79EFBC}") = "GanGao.Web", "GanGao.Web\GanGao.Web.csproj", "{EA2A8B40-BC52-49C4-B460-D51DC0306F98}"
EndProject
Project("{FAE04EC0-301F-11D3-BF4B-00C04F79EFBC}") = "GanGao.DAL.Test", "GanGao.DAL.Test\GanGao.DAL.Test.csproj", "{E8E97E00-D812-4718-BCAD-A1C72B02AB39}"
EndProject
Project("{FAE04EC0-301F-11D3-BF4B-00C04F79EFBC}") = "GanGao.Web.SelfHost", "GanGao.Web.SelfHost\GanGao.Web.SelfHost.csproj", "{08BC851D-6F2A-4D78-B14A-275BFE113B6A}"
EndProject
Project("{FAE04EC0-301F-11D3-BF4B-00C04F79EFBC}") = "GanGao.Web.Knockout", "GanGao.Web.Knockout\GanGao.Web.Knockout.csproj", "{23A9556E-383B-46FF-9B40-72ED8DC1D33B}"
EndProject
Project("{FAE04EC0-301F-11D3-BF4B-00C04F79EFBC}") = "Gangao.Web.Knockout.SelfHost", "Gangao.Web.Knockout.SelfHost\Gangao.Web.Knockout.SelfHost.csproj", "{5F9FB49D-4E65-47CB-99E7-0C871FD87B33}"
EndProject
Project("{2150E333-8FDC-42A3-9474-1A3956D46DE8}") = "8-GanGao.SelfHost(自承载层)", "8-GanGao.SelfHost(自承载层)", "{BD66A4C1-86CA-493C-8E48-BB89AF5BF0F0}"
EndProject
Global
	GlobalSection(SolutionConfigurationPlatforms) = preSolution
		Debug|Any CPU = Debug|Any CPU
		Release|Any CPU = Release|Any CPU
	EndGlobalSection
	GlobalSection(ProjectConfigurationPlatforms) = postSolution
		{B5C96CC7-93A1-46CC-AB06-2B09FF77F620}.Debug|Any CPU.ActiveCfg = Debug|Any CPU
		{B5C96CC7-93A1-46CC-AB06-2B09FF77F620}.Debug|Any CPU.Build.0 = Debug|Any CPU
		{B5C96CC7-93A1-46CC-AB06-2B09FF77F620}.Release|Any CPU.ActiveCfg = Release|Any CPU
		{B5C96CC7-93A1-46CC-AB06-2B09FF77F620}.Release|Any CPU.Build.0 = Release|Any CPU
		{491622E4-09D6-497C-BEC6-54F0318F3E44}.Debug|Any CPU.ActiveCfg = Debug|Any CPU
		{491622E4-09D6-497C-BEC6-54F0318F3E44}.Debug|Any CPU.Build.0 = Debug|Any CPU
		{491622E4-09D6-497C-BEC6-54F0318F3E44}.Release|Any CPU.ActiveCfg = Release|Any CPU
		{491622E4-09D6-497C-BEC6-54F0318F3E44}.Release|Any CPU.Build.0 = Release|Any CPU
		{C9C92057-3F16-4986-9EA2-4FE71902286B}.Debug|Any CPU.ActiveCfg = Debug|Any CPU
		{C9C92057-3F16-4986-9EA2-4FE71902286B}.Debug|Any CPU.Build.0 = Debug|Any CPU
		{C9C92057-3F16-4986-9EA2-4FE71902286B}.Release|Any CPU.ActiveCfg = Release|Any CPU
		{C9C92057-3F16-4986-9EA2-4FE71902286B}.Release|Any CPU.Build.0 = Release|Any CPU
		{2BB2084D-B4E6-4604-B6B6-3B8F8059F7DD}.Debug|Any CPU.ActiveCfg = Debug|Any CPU
		{2BB2084D-B4E6-4604-B6B6-3B8F8059F7DD}.Debug|Any CPU.Build.0 = Debug|Any CPU
		{2BB2084D-B4E6-4604-B6B6-3B8F8059F7DD}.Release|Any CPU.ActiveCfg = Release|Any CPU
		{2BB2084D-B4E6-4604-B6B6-3B8F8059F7DD}.Release|Any CPU.Build.0 = Release|Any CPU
		{6F881755-AE70-478D-9752-AACBBC3D30CD}.Debug|Any CPU.ActiveCfg = Debug|Any CPU
		{6F881755-AE70-478D-9752-AACBBC3D30CD}.Debug|Any CPU.Build.0 = Debug|Any CPU
		{6F881755-AE70-478D-9752-AACBBC3D30CD}.Release|Any CPU.ActiveCfg = Release|Any CPU
		{6F881755-AE70-478D-9752-AACBBC3D30CD}.Release|Any CPU.Build.0 = Release|Any CPU
		{A275228C-4DE9-46CF-A6C3-F33A8E58EF1D}.Debug|Any CPU.ActiveCfg = Debug|Any CPU
		{A275228C-4DE9-46CF-A6C3-F33A8E58EF1D}.Debug|Any CPU.Build.0 = Debug|Any CPU
		{A275228C-4DE9-46CF-A6C3-F33A8E58EF1D}.Release|Any CPU.ActiveCfg = Release|Any CPU
		{A275228C-4DE9-46CF-A6C3-F33A8E58EF1D}.Release|Any CPU.Build.0 = Release|Any CPU
		{01B0FA57-A7B7-4D72-8943-8F3C5EECB9CC}.Debug|Any CPU.ActiveCfg = Debug|Any CPU
		{01B0FA57-A7B7-4D72-8943-8F3C5EECB9CC}.Debug|Any CPU.Build.0 = Debug|Any CPU
		{01B0FA57-A7B7-4D72-8943-8F3C5EECB9CC}.Release|Any CPU.ActiveCfg = Release|Any CPU
		{01B0FA57-A7B7-4D72-8943-8F3C5EECB9CC}.Release|Any CPU.Build.0 = Release|Any CPU
		{1EA1887B-3B25-4AA6-9E5B-A195B134184D}.Debug|Any CPU.ActiveCfg = Debug|Any CPU
		{1EA1887B-3B25-4AA6-9E5B-A195B134184D}.Debug|Any CPU.Build.0 = Debug|Any CPU
		{1EA1887B-3B25-4AA6-9E5B-A195B134184D}.Release|Any CPU.ActiveCfg = Release|Any CPU
		{1EA1887B-3B25-4AA6-9E5B-A195B134184D}.Release|Any CPU.Build.0 = Release|Any CPU
		{08566FA4-7287-4CE2-9E16-C43A98361498}.Debug|Any CPU.ActiveCfg = Debug|Any CPU
		{08566FA4-7287-4CE2-9E16-C43A98361498}.Debug|Any CPU.Build.0 = Debug|Any CPU
		{08566FA4-7287-4CE2-9E16-C43A98361498}.Release|Any CPU.ActiveCfg = Release|Any CPU
		{08566FA4-7287-4CE2-9E16-C43A98361498}.Release|Any CPU.Build.0 = Release|Any CPU
		{4D438847-E365-4FB2-9AA8-E89BC33EB67D}.Debug|Any CPU.ActiveCfg = Debug|Any CPU
		{4D438847-E365-4FB2-9AA8-E89BC33EB67D}.Debug|Any CPU.Build.0 = Debug|Any CPU
		{4D438847-E365-4FB2-9AA8-E89BC33EB67D}.Release|Any CPU.ActiveCfg = Release|Any CPU
		{4D438847-E365-4FB2-9AA8-E89BC33EB67D}.Release|Any CPU.Build.0 = Release|Any CPU
		{646C8581-C62C-45DA-8722-0B807ECCA61C}.Debug|Any CPU.ActiveCfg = Debug|Any CPU
		{646C8581-C62C-45DA-8722-0B807ECCA61C}.Debug|Any CPU.Build.0 = Debug|Any CPU
		{646C8581-C62C-45DA-8722-0B807ECCA61C}.Release|Any CPU.ActiveCfg = Release|Any CPU
		{646C8581-C62C-45DA-8722-0B807ECCA61C}.Release|Any CPU.Build.0 = Release|Any CPU
		{45AE0F02-066C-446F-BA92-6AC90468D6BF}.Debug|Any CPU.ActiveCfg = Debug|Any CPU
		{45AE0F02-066C-446F-BA92-6AC90468D6BF}.Debug|Any CPU.Build.0 = Debug|Any CPU
		{45AE0F02-066C-446F-BA92-6AC90468D6BF}.Release|Any CPU.ActiveCfg = Release|Any CPU
		{45AE0F02-066C-446F-BA92-6AC90468D6BF}.Release|Any CPU.Build.0 = Release|Any CPU
		{22646A41-C44D-46F8-AD44-ECEAD42C4171}.Debug|Any CPU.ActiveCfg = Debug|Any CPU
		{22646A41-C44D-46F8-AD44-ECEAD42C4171}.Debug|Any CPU.Build.0 = Debug|Any CPU
		{22646A41-C44D-46F8-AD44-ECEAD42C4171}.Release|Any CPU.ActiveCfg = Release|Any CPU
		{22646A41-C44D-46F8-AD44-ECEAD42C4171}.Release|Any CPU.Build.0 = Release|Any CPU
		{EA2A8B40-BC52-49C4-B460-D51DC0306F98}.Debug|Any CPU.ActiveCfg = Debug|Any CPU
		{EA2A8B40-BC52-49C4-B460-D51DC0306F98}.Debug|Any CPU.Build.0 = Debug|Any CPU
		{EA2A8B40-BC52-49C4-B460-D51DC0306F98}.Release|Any CPU.ActiveCfg = Release|Any CPU
		{EA2A8B40-BC52-49C4-B460-D51DC0306F98}.Release|Any CPU.Build.0 = Release|Any CPU
		{E8E97E00-D812-4718-BCAD-A1C72B02AB39}.Debug|Any CPU.ActiveCfg = Debug|Any CPU
		{E8E97E00-D812-4718-BCAD-A1C72B02AB39}.Debug|Any CPU.Build.0 = Debug|Any CPU
		{E8E97E00-D812-4718-BCAD-A1C72B02AB39}.Release|Any CPU.ActiveCfg = Release|Any CPU
		{E8E97E00-D812-4718-BCAD-A1C72B02AB39}.Release|Any CPU.Build.0 = Release|Any CPU
		{08BC851D-6F2A-4D78-B14A-275BFE113B6A}.Debug|Any CPU.ActiveCfg = Debug|Any CPU
		{08BC851D-6F2A-4D78-B14A-275BFE113B6A}.Debug|Any CPU.Build.0 = Debug|Any CPU
		{08BC851D-6F2A-4D78-B14A-275BFE113B6A}.Release|Any CPU.ActiveCfg = Release|Any CPU
		{08BC851D-6F2A-4D78-B14A-275BFE113B6A}.Release|Any CPU.Build.0 = Release|Any CPU
		{23A9556E-383B-46FF-9B40-72ED8DC1D33B}.Debug|Any CPU.ActiveCfg = Debug|Any CPU
		{23A9556E-383B-46FF-9B40-72ED8DC1D33B}.Debug|Any CPU.Build.0 = Debug|Any CPU
		{23A9556E-383B-46FF-9B40-72ED8DC1D33B}.Release|Any CPU.ActiveCfg = Release|Any CPU
		{23A9556E-383B-46FF-9B40-72ED8DC1D33B}.Release|Any CPU.Build.0 = Release|Any CPU
		{5F9FB49D-4E65-47CB-99E7-0C871FD87B33}.Debug|Any CPU.ActiveCfg = Debug|Any CPU
		{5F9FB49D-4E65-47CB-99E7-0C871FD87B33}.Debug|Any CPU.Build.0 = Debug|Any CPU
		{5F9FB49D-4E65-47CB-99E7-0C871FD87B33}.Release|Any CPU.ActiveCfg = Release|Any CPU
		{5F9FB49D-4E65-47CB-99E7-0C871FD87B33}.Release|Any CPU.Build.0 = Release|Any CPU
	EndGlobalSection
	GlobalSection(SolutionProperties) = preSolution
		HideSolutionNode = FALSE
	EndGlobalSection
	GlobalSection(NestedProjects) = preSolution
		{B5C96CC7-93A1-46CC-AB06-2B09FF77F620} = {D7A344DD-A777-4FA7-8E2D-6F80CA2263C1}
		{491622E4-09D6-497C-BEC6-54F0318F3E44} = {3DCE8FE3-724E-4F12-8608-AE1EFD5E905C}
		{C9C92057-3F16-4986-9EA2-4FE71902286B} = {D7A344DD-A777-4FA7-8E2D-6F80CA2263C1}
		{2BB2084D-B4E6-4604-B6B6-3B8F8059F7DD} = {5270A37E-3DED-42E8-A286-D26C88DBBE2E}
		{6F881755-AE70-478D-9752-AACBBC3D30CD} = {5270A37E-3DED-42E8-A286-D26C88DBBE2E}
		{A275228C-4DE9-46CF-A6C3-F33A8E58EF1D} = {93EB6F9E-690D-40C5-A8AF-77BFB58C7C3C}
		{01B0FA57-A7B7-4D72-8943-8F3C5EECB9CC} = {BD66A4C1-86CA-493C-8E48-BB89AF5BF0F0}
		{1EA1887B-3B25-4AA6-9E5B-A195B134184D} = {3DCE8FE3-724E-4F12-8608-AE1EFD5E905C}
		{08566FA4-7287-4CE2-9E16-C43A98361498} = {3DCE8FE3-724E-4F12-8608-AE1EFD5E905C}
		{4D438847-E365-4FB2-9AA8-E89BC33EB67D} = {3DCE8FE3-724E-4F12-8608-AE1EFD5E905C}
		{646C8581-C62C-45DA-8722-0B807ECCA61C} = {3DCE8FE3-724E-4F12-8608-AE1EFD5E905C}
		{45AE0F02-066C-446F-BA92-6AC90468D6BF} = {3DCE8FE3-724E-4F12-8608-AE1EFD5E905C}
		{22646A41-C44D-46F8-AD44-ECEAD42C4171} = {3DCE8FE3-724E-4F12-8608-AE1EFD5E905C}
		{EA2A8B40-BC52-49C4-B460-D51DC0306F98} = {9EE0D20D-4D2E-4B02-9B71-5E0E4FE332DC}
		{E8E97E00-D812-4718-BCAD-A1C72B02AB39} = {58B88DB3-6B8A-46EA-AFD6-CD92D06E4E2E}
		{08BC851D-6F2A-4D78-B14A-275BFE113B6A} = {BD66A4C1-86CA-493C-8E48-BB89AF5BF0F0}
		{23A9556E-383B-46FF-9B40-72ED8DC1D33B} = {9EE0D20D-4D2E-4B02-9B71-5E0E4FE332DC}
		{5F9FB49D-4E65-47CB-99E7-0C871FD87B33} = {BD66A4C1-86CA-493C-8E48-BB89AF5BF0F0}
	EndGlobalSection
EndGlobal
